<?xml version="1.0" encoding="utf-8"?>
<Project ToolsVersion="4.0" xmlns="http://schemas.microsoft.com/developer/msbuild/2003">
  <ItemGroup>
    <Filter Include="TZE">
      <UniqueIdentifier>{1824880B-842D-887C-0DA9-9E7C79B1937C}</UniqueIdentifier>
    </Filter>
    <Filter Include="TZE\layers">
      <UniqueIdentifier>{F743A14F-E3FB-E29C-4C03-BCF838DA7D8D}</UniqueIdentifier>
    </Filter>
    <Filter Include="TZE\layers\Vulkan">
      <UniqueIdentifier>{9755CB71-036C-C907-4CE3-5429B8389A8F}</UniqueIdentifier>
    </Filter>
    <Filter Include="TZE\layers\Vulkan\Objects">
      <UniqueIdentifier>{509B5621-BC5D-8AAB-050E-1938710F6389}</UniqueIdentifier>
    </Filter>
    <Filter Include="TZE\layers\Vulkan\vk_logging">
      <UniqueIdentifier>{AD13CEC3-99CE-BD6F-4286-36BA2E200800}</UniqueIdentifier>
    </Filter>
    <Filter Include="TZE\layers\Window">
      <UniqueIdentifier>{FE544873-6A6B-4609-B3E2-D12A1F381791}</UniqueIdentifier>
    </Filter>
    <Filter Include="TZE\logging">
      <UniqueIdentifier>{CE342D63-3AEA-A558-C3DE-9F2F2F939C5C}</UniqueIdentifier>
    </Filter>
  </ItemGroup>
  <ItemGroup>
    <ClInclude Include="src\TZE.h" />
    <ClInclude Include="src\TZE\App.h">
      <Filter>TZE</Filter>
    </ClInclude>
    <ClInclude Include="src\TZE\Core.h">
      <Filter>TZE</Filter>
    </ClInclude>
    <ClInclude Include="src\TZE\EntryPoint.h">
      <Filter>TZE</Filter>
    </ClInclude>
    <ClInclude Include="src\TZE\layers\Layer.h">
      <Filter>TZE\layers</Filter>
    </ClInclude>
    <ClInclude Include="src\TZE\layers\Vulkan\Instance.h">
      <Filter>TZE\layers\Vulkan</Filter>
    </ClInclude>
    <ClInclude Include="src\TZE\layers\Vulkan\Objects\GameObj.h">
      <Filter>TZE\layers\Vulkan\Objects</Filter>
    </ClInclude>
    <ClInclude Include="src\TZE\layers\Vulkan\Objects\Model.h">
      <Filter>TZE\layers\Vulkan\Objects</Filter>
    </ClInclude>
    <ClInclude Include="src\TZE\layers\Vulkan\vk_logging\vkLogging.h">
      <Filter>TZE\layers\Vulkan\vk_logging</Filter>
    </ClInclude>
    <ClInclude Include="src\TZE\layers\Window\Window.h">
      <Filter>TZE\layers\Window</Filter>
    </ClInclude>
    <ClInclude Include="src\TZE\logging\Log.h">
      <Filter>TZE\logging</Filter>
    </ClInclude>
    <ClInclude Include="src\TZE\pch.h">
      <Filter>TZE</Filter>
    </ClInclude>
  </ItemGroup>
  <ItemGroup>
    <ClCompile Include="src\TZE\App.cpp">
      <Filter>TZE</Filter>
    </ClCompile>
    <ClCompile Include="src\TZE\layers\Vulkan\Instance.cpp">
      <Filter>TZE\layers\Vulkan</Filter>
    </ClCompile>
    <ClCompile Include="src\TZE\layers\Vulkan\Objects\GameObj.cpp">
      <Filter>TZE\layers\Vulkan\Objects</Filter>
    </ClCompile>
    <ClCompile Include="src\TZE\layers\Vulkan\Objects\Model.cpp">
      <Filter>TZE\layers\Vulkan\Objects</Filter>
    </ClCompile>
    <ClCompile Include="src\TZE\layers\Vulkan\vk_logging\vkLogging.cpp">
      <Filter>TZE\layers\Vulkan\vk_logging</Filter>
    </ClCompile>
    <ClCompile Include="src\TZE\layers\Window\Window.cpp">
      <Filter>TZE\layers\Window</Filter>
    </ClCompile>
    <ClCompile Include="src\TZE\logging\Log.cpp">
      <Filter>TZE\logging</Filter>
    </ClCompile>
    <ClCompile Include="src\TZE\pch.cpp">
      <Filter>TZE</Filter>
    </ClCompile>
  </ItemGroup>
</Project>